{"SurveyEntry":{"SurveyID":"SV_4Mmb2WuyZ8wi7CC","SurveyName":"Cotinine_GeoRemote","SurveyDescription":null,"SurveyOwnerID":"UR_d4iEh0NRZssi949","SurveyBrandID":"upenn","DivisionID":"DV_0JnWdvkkcqRPFZP","SurveyLanguage":"EN","SurveyActiveResponseSet":"RS_b91SMtWucmP11Ii","SurveyStatus":"Active","SurveyStartDate":"0000-00-00 00:00:00","SurveyExpirationDate":"0000-00-00 00:00:00","SurveyCreationDate":"2022-02-21 09:32:52","CreatorID":"UR_d4iEh0NRZssi949","LastModified":"2026-01-20 12:14:15","LastAccessed":"0000-00-00 00:00:00","LastActivated":"2022-02-21 09:50:34","Deleted":null},"SurveyElements":[{"SurveyID":"SV_4Mmb2WuyZ8wi7CC","Element":"BL","PrimaryAttribute":"Survey Blocks","SecondaryAttribute":null,"TertiaryAttribute":null,"Payload":{"0":{"Type":"Default","Description":"Intro","ID":"BL_5gpS0LHSZ9tMXZ4","BlockElements":[{"Type":"Question","QuestionID":"QID1"},{"Type":"Page Break"},{"Type":"Question","QuestionID":"QID21"},{"Type":"Page Break"},{"Type":"Question","QuestionID":"QID22"}],"Options":{"BlockLocking":"false","RandomizeQuestions":"false","BlockVisibility":"Expanded"}},"1":{"Type":"Trash","Description":"Trash \/ Unused Questions","ID":"BL_6Dzot9i7NdCWu46","BlockElements":[{"Type":"Question","QuestionID":"QID10"},{"Type":"Question","QuestionID":"QID11"},{"Type":"Question","QuestionID":"QID12"},{"Type":"Question","QuestionID":"QID6"},{"Type":"Question","QuestionID":"QID5"},{"Type":"Question","QuestionID":"QID13"},{"Type":"Question","QuestionID":"QID7"}]},"3":{"Type":"Standard","SubType":"","Description":"adding drops & waiting","ID":"BL_erqQ7qZv7UtRqdM","BlockElements":[{"Type":"Question","QuestionID":"QID3"},{"Type":"Page Break"},{"Type":"Question","QuestionID":"QID17"},{"Type":"Page Break"},{"Type":"Question","QuestionID":"QID18"},{"Type":"Page Break"},{"Type":"Question","QuestionID":"QID19"},{"Type":"Page Break"},{"Type":"Question","QuestionID":"QID4"}],"Options":{"BlockLocking":"false","RandomizeQuestions":"false","BlockVisibility":"Expanded"}},"5":{"Type":"Standard","SubType":"","Description":"results","ID":"BL_3rE50biCKN8C0my","BlockElements":[{"Type":"Question","QuestionID":"QID8"},{"Type":"Question","QuestionID":"QID9"}]},"7":{"Type":"Standard","SubType":"","Description":"invalid try again","ID":"BL_22Xhban2qMdq8XY","BlockElements":[{"Type":"Question","QuestionID":"QID14"}]},"8":{"Type":"Standard","SubType":"","Description":"Directions for Urine collection","ID":"BL_25eqFlL3uwWYYTA","BlockElements":[{"Type":"Question","QuestionID":"QID2"}],"Options":{"BlockLocking":"false","RandomizeQuestions":"false","BlockVisibility":"Expanded"}},"9":{"Type":"Standard","SubType":"","Description":"ineligible","ID":"BL_ei0TkOhmMMpyCFw","BlockElements":[{"Type":"Question","QuestionID":"QID15"}]},"11":{"Type":"Standard","SubType":"","Description":"eligible","ID":"BL_5uyhwP6mglywGB8","BlockElements":[{"Type":"Question","QuestionID":"QID16"}]},"13":{"Type":"Standard","SubType":"","Description":"Error","ID":"BL_2nqYJQDXj5PX8kS","BlockElements":[{"Type":"Question","QuestionID":"QID20"}]},"14":{"Type":"Standard","SubType":"","Description":"Welcome\/ Please ask for help instead of retaking survey","ID":"BL_bEPJLQVnfJs5Fm6","BlockElements":[{"Type":"Question","QuestionID":"QID23"}]}}},{"SurveyID":"SV_4Mmb2WuyZ8wi7CC","Element":"FL","PrimaryAttribute":"Survey Flow","SecondaryAttribute":null,"TertiaryAttribute":null,"Payload":{"Type":"Root","FlowID":"FL_1","Flow":[{"Type":"EmbeddedData","FlowID":"FL_3","EmbeddedData":[{"Description":"pID","Type":"Recipient","Field":"pID","VariableType":"String","DataVisibility":[],"AnalyzeText":false},{"Description":"session","Type":"Custom","Field":"session","VariableType":"String","DataVisibility":[],"AnalyzeText":false,"Value":"1"},{"Description":"redcap_code","Type":"Recipient","Field":"redcap_code","VariableType":"String","DataVisibility":[],"AnalyzeText":false}]},{"Type":"Branch","FlowID":"FL_26","Description":"New Branch","BranchLogic":{"0":{"0":{"LogicType":"EmbeddedField","LeftOperand":"pID","Operator":"Empty","_HiddenExpression":false,"Type":"Expression","Description":"<span class=\"ConjDesc\">If<\/span>  <span class=\"LeftOpDesc\">pID<\/span> <span class=\"OpDesc\">Is Empty<\/span> "},"Type":"If"},"Type":"BooleanExpression"},"Flow":[{"Type":"Standard","ID":"BL_2nqYJQDXj5PX8kS","FlowID":"FL_25","Autofill":[]},{"Type":"EndSurvey","FlowID":"FL_27"}]},{"Type":"Standard","ID":"BL_bEPJLQVnfJs5Fm6","FlowID":"FL_30","Autofill":[]},{"Type":"Block","ID":"BL_5gpS0LHSZ9tMXZ4","FlowID":"FL_2","Autofill":[]},{"Type":"Standard","ID":"BL_25eqFlL3uwWYYTA","FlowID":"FL_10","Autofill":[]},{"Type":"Standard","ID":"BL_erqQ7qZv7UtRqdM","FlowID":"FL_5","Autofill":[]},{"Type":"Standard","ID":"BL_3rE50biCKN8C0my","FlowID":"FL_7","Autofill":[]},{"Type":"Branch","FlowID":"FL_12","Description":"New Branch","BranchLogic":{"0":{"0":{"LogicType":"Question","QuestionID":"QID8","QuestionIsInLoop":"no","ChoiceLocator":"q:\/\/QID8\/SelectableChoice\/3","Operator":"Selected","QuestionIDFromLocator":"QID8","LeftOperand":"q:\/\/QID8\/SelectableChoice\/3","Type":"Expression","Description":"<span class=\"ConjDesc\">If<\/span> <span class=\"QuestionDesc\">Please indicate which one of these best resembles your result.<\/span> <span class=\"LeftOpDesc\">T stripe only (no C stripe)<\/span> <span class=\"OpDesc\">Is Selected<\/span> "},"1":{"LogicType":"Question","QuestionID":"QID8","QuestionIsInLoop":"no","ChoiceLocator":"q:\/\/QID8\/SelectableChoice\/8","Operator":"Selected","QuestionIDFromLocator":"QID8","LeftOperand":"q:\/\/QID8\/SelectableChoice\/8","Type":"Expression","Description":"<span class=\"ConjDesc\">Or<\/span> <span class=\"QuestionDesc\">Please indicate which one of these best resembles your result.<\/span> <span class=\"LeftOpDesc\">No stripes<\/span> <span class=\"OpDesc\">Is Selected<\/span> ","Conjuction":"Or"},"Type":"If"},"Type":"BooleanExpression"},"Flow":[{"Type":"Standard","ID":"BL_22Xhban2qMdq8XY","FlowID":"FL_9","Autofill":[]},{"Type":"Block","ID":"BL_erqQ7qZv7UtRqdM","FlowID":"FL_14","Autofill":[]},{"Type":"Block","ID":"BL_3rE50biCKN8C0my","FlowID":"FL_24","Autofill":[]}]},{"Type":"Branch","FlowID":"FL_20","Description":"New Branch","BranchLogic":{"0":{"0":{"LogicType":"Question","QuestionID":"QID8","QuestionIsInLoop":"no","ChoiceLocator":"q:\/\/QID8\/SelectableChoice\/2","Operator":"Selected","QuestionIDFromLocator":"QID8","LeftOperand":"q:\/\/QID8\/SelectableChoice\/2","Type":"Expression","Description":"<span class=\"ConjDesc\">If<\/span> <span class=\"QuestionDesc\">Please indicate which one of these best resembles your result.<\/span> <span class=\"LeftOpDesc\">C stripe only (no T stripe)<\/span> <span class=\"OpDesc\">Is Selected<\/span> "},"Type":"If"},"Type":"BooleanExpression"},"Flow":[{"Type":"Standard","ID":"BL_5uyhwP6mglywGB8","FlowID":"FL_22","Autofill":[]},{"Type":"Branch","FlowID":"FL_34","Description":"New Branch","BranchLogic":{"0":{"0":{"LogicType":"EmbeddedField","LeftOperand":"redcap_code","Operator":"NotEmpty","_HiddenExpression":false,"Type":"Expression","Description":"<span class=\"ConjDesc\">If<\/span>  <span class=\"LeftOpDesc\">redcap_code<\/span> <span class=\"OpDesc\">Is Not Empty<\/span> "},"Type":"If"},"Type":"BooleanExpression"},"Flow":[{"Type":"EndSurvey","FlowID":"FL_21","EndingType":"Advanced","Options":{"Advanced":"true","SurveyTermination":"Redirect","EOSRedirectURL":"https:\/\/upenn.co1.qualtrics.com\/jfe\/form\/SV_5clHlGytvXaeuQ6?pID=${e:\/\/Field\/pID}&session=1&redcap_code=${e:\/\/Field\/redcap_code}"}}]},{"Type":"Branch","FlowID":"FL_28","Description":"New Branch","BranchLogic":{"0":{"0":{"LogicType":"EmbeddedField","LeftOperand":"pID","Operator":"EqualTo","RightOperand":"GRtestEmily","_HiddenExpression":false,"Type":"Expression","Description":"<span class=\"ConjDesc\">If<\/span>  <span class=\"LeftOpDesc\">pID<\/span> <span class=\"OpDesc\">Is Equal to<\/span> <span class=\"RightOpDesc\"> GRtestEmily <\/span>"},"Type":"If"},"Type":"BooleanExpression"},"Flow":[{"Type":"EndSurvey","FlowID":"FL_29","EndingType":"Advanced","Options":{"Advanced":"true","SurveyTermination":"Redirect","EOSRedirectURL":"https:\/\/upenn.co1.qualtrics.com\/jfe\/form\/SV_brsqXudHeEWyqOi?pID=${e:\/\/Field\/pID}&session=1&redcap_survey_code=${e:\/\/Field\/redcap_survey_code}"}}]},{"Type":"EndSurvey","FlowID":"FL_35","EndingType":"Advanced","Options":{"Advanced":"true","SurveyTermination":"Redirect","EOSRedirectURL":"https:\/\/upenn.co1.qualtrics.com\/jfe\/form\/SV_5clHlGytvXaeuQ6?pID=${e:\/\/Field\/pID}&session=1"}}]},{"Type":"Branch","FlowID":"FL_18","Description":"New Branch","BranchLogic":{"0":{"0":{"LogicType":"Question","QuestionID":"QID8","QuestionIsInLoop":"no","ChoiceLocator":"q:\/\/QID8\/SelectableChoice\/2","Operator":"NotSelected","QuestionIDFromLocator":"QID8","LeftOperand":"q:\/\/QID8\/SelectableChoice\/2","Type":"Expression","Description":"<span class=\"ConjDesc\">If<\/span> <span class=\"QuestionDesc\">Please indicate which one of these best resembles your result.<\/span> <span class=\"LeftOpDesc\">C stripe only (no T stripe)<\/span> <span class=\"OpDesc\">Is Not Selected<\/span> "},"Type":"If"},"Type":"BooleanExpression"},"Flow":[{"Type":"EmbeddedData","FlowID":"FL_16","EmbeddedData":[{"Description":"inel_code","Type":"Custom","Field":"inel_code","VariableType":"String","DataVisibility":[],"AnalyzeText":false,"Value":"${rand:\/\/int\/000:999}"}]},{"Type":"Standard","ID":"BL_ei0TkOhmMMpyCFw","FlowID":"FL_11","Autofill":[]}]},{"Type":"EndSurvey","FlowID":"FL_23"}],"Properties":{"Count":35,"RemovedFieldsets":[]}}},{"SurveyID":"SV_4Mmb2WuyZ8wi7CC","Element":"PL","PrimaryAttribute":"Preview Link","SecondaryAttribute":null,"TertiaryAttribute":null,"Payload":{"PreviewType":"Brand","PreviewID":"b876c262-405d-4fef-a5c3-c4c01f28454d"}},{"SurveyID":"SV_4Mmb2WuyZ8wi7CC","Element":"PROJ","PrimaryAttribute":"CORE","SecondaryAttribute":null,"TertiaryAttribute":"1.1.0","Payload":{"ProjectCategory":"CORE","SchemaVersion":"1.1.0"}},{"SurveyID":"SV_4Mmb2WuyZ8wi7CC","Element":"QC","PrimaryAttribute":"Survey Question Count","SecondaryAttribute":"23","TertiaryAttribute":null,"Payload":null},{"SurveyID":"SV_4Mmb2WuyZ8wi7CC","Element":"RS","PrimaryAttribute":"RS_b91SMtWucmP11Ii","SecondaryAttribute":"Default Response Set","TertiaryAttribute":null,"Payload":null},{"SurveyID":"SV_4Mmb2WuyZ8wi7CC","Element":"SCO","PrimaryAttribute":"Scoring","SecondaryAttribute":null,"TertiaryAttribute":null,"Payload":{"ScoringCategories":[],"ScoringCategoryGroups":[],"ScoringSummaryCategory":null,"ScoringSummaryAfterQuestions":0,"ScoringSummaryAfterSurvey":0,"DefaultScoringCategory":null,"AutoScoringCategory":null}},{"SurveyID":"SV_4Mmb2WuyZ8wi7CC","Element":"SO","PrimaryAttribute":"Survey Options","SecondaryAttribute":null,"TertiaryAttribute":null,"Payload":{"BackButton":"true","SaveAndContinue":"true","SurveyProtection":"PublicSurvey","BallotBoxStuffingPrevention":"false","NoIndex":"Yes","SecureResponseFiles":"true","SurveyExpiration":"None","SurveyTermination":"DefaultMessage","Header":"<h3><span style=\"color:#983130;\"><strong>Urine Cotinine Test<\/strong><\/span><\/h3>\n","Footer":"<div style=\"text-align: center;\"><em><span style=\"color:#983130;\"><span style=\"font-size:16px;\">For help: text \u202a267-225-0399\u202c or email geo@falklab.org.<\/span><\/span><br \/>\n<br \/>\n<strong><a href=\"http:\/\/calendly.com\/geoscan-help\/geo-smoking-study-help-call?name=${e:\/\/Field\/pID}${e:\/\/Field\/rID}-help&amp;email=geo@falklab.org\">Schedule a help call here<\/a><\/strong><br \/>\n<br \/>\n<span style=\"color:#983130;\"><span style=\"font-size:13px;\">We will respond as soon as possible within business hours (M-F 9am-5pm).<\/span><\/span><\/em><\/div>\n","ProgressBarDisplay":"None","PartialData":"+1 week","ValidationMessage":null,"PreviousButton":" \u2190 Back","NextButton":"Next \u2192 ","SurveyTitle":"Qualtrics Survey | Qualtrics Experience Management","SkinLibrary":"upenn","SkinType":"templated","Skin":{"brandingId":null,"templateId":"*base","overrides":{"logo":{"url":"https:\/\/upenn.co1.qualtrics.com\/CP\/Graphic.php?IM=IM_eJ5QXj9FxO4LUFg","position":"center","height":"80px","mobileScale":0.65000000000000002220446049250313080847263336181640625},"font":{"family":"arial, helvetica, sans-serif"},"questionText":{"size":"20px"}}},"NewScoring":1,"EOSMessage":null,"ShowExportTags":"false","CollectGeoLocation":"false","SurveyMetaDescription":"Survey Software, Enterprise Survey software for enterprise feedback management and CRM solutions. Enables high-quality data collection, panel management and results analysis. Perfect for market research or CRM solution (Customer Relationship Management) integration. Free trial and consultation.","PasswordProtection":"No","AnonymizeResponse":"Yes","RefererCheck":"No","RecaptchaV3":"false","ConfirmStart":false,"AutoConfirmStart":false,"RelevantID":"false","RelevantIDLockoutPeriod":"+30 days","UseCustomSurveyLinkCompletedMessage":null,"SurveyLinkCompletedMessage":null,"SurveyLinkCompletedMessageLibrary":null,"ResponseSummary":"No","EOSMessageLibrary":null,"EOSRedirectURL":null,"EmailThankYou":"false","ThankYouEmailMessageLibrary":null,"ThankYouEmailMessage":null,"ValidateMessage":"false","ValidationMessageLibrary":null,"InactiveSurvey":"DefaultMessage","PartialDeletion":null,"PartialDataCloseAfter":"LastActivity","InactiveMessageLibrary":null,"InactiveMessage":null,"AvailableLanguages":{"EN":[]},"SurveyName":"Cotinine_GeoRemote","previousButtonLid":"","previousButtonMid":"","headerMid":"","ProtectSelectionIds":true,"footerMid":"","BallotBoxStuffingPreventionBehavior":null,"BallotBoxStuffingPreventionMessage":null,"BallotBoxStuffingPreventionMessageLibrary":null,"BallotBoxStuffingPreventionURL":null}},{"SurveyID":"SV_4Mmb2WuyZ8wi7CC","Element":"SQ","PrimaryAttribute":"QID1","SecondaryAttribute":"Hello! In the next few pages, we're going to help you complete an at home urine test.","TertiaryAttribute":null,"Payload":{"QuestionText":"<span style=\"font-family:Arial,Helvetica,sans-serif;\"><b>Hello!<\/b> In the next few pages, <b>we're going to help you complete an at home urine test.<br><\/b><\/span>","DefaultChoices":false,"DataExportTag":"","QuestionID":"QID1","QuestionType":"DB","Selector":"TB","DataVisibility":{"Private":false,"Hidden":false},"Configuration":{"QuestionDescriptionOption":"UseText"},"QuestionDescription":"Hello! In the next few pages, we're going to help you complete an at home urine test.","ChoiceOrder":[],"Validation":{"Settings":{"Type":"None"}},"GradingData":[],"Language":[],"NextChoiceId":4,"NextAnswerId":1}},{"SurveyID":"SV_4Mmb2WuyZ8wi7CC","Element":"SQ","PrimaryAttribute":"QID10","SecondaryAttribute":"click submit and return to the survey in the other tab","TertiaryAttribute":null,"Payload":{"QuestionText":"<h4>click submit and return to the survey in the other tab<\/h4>","DefaultChoices":false,"DataExportTag":"Q10","QuestionType":"DB","Selector":"TB","Configuration":{"QuestionDescriptionOption":"UseText"},"QuestionDescription":"click submit and return to the survey in the other tab","ChoiceOrder":[],"Validation":{"Settings":{"Type":"None"}},"GradingData":[],"Language":[],"NextChoiceId":4,"NextAnswerId":1,"QuestionID":"QID10"}},{"SurveyID":"SV_4Mmb2WuyZ8wi7CC","Element":"SQ","PrimaryAttribute":"QID11","SecondaryAttribute":"test","TertiaryAttribute":null,"Payload":{"QuestionText":"<h4>test<\/h4>","DefaultChoices":false,"DataExportTag":"Q11","QuestionType":"MC","Selector":"SAVR","SubSelector":"TX","Configuration":{"QuestionDescriptionOption":"UseText"},"QuestionDescription":"test","Choices":{"1":{"Display":"Click to write Choice 1"},"2":{"Display":"Click to write Choice 2"},"3":{"Display":"Click to write Choice 3"}},"ChoiceOrder":["1","2","3"],"Validation":{"Settings":{"ForceResponse":"OFF","Type":"None"}},"GradingData":[],"Language":[],"NextChoiceId":4,"NextAnswerId":1,"QuestionID":"QID11"}},{"SurveyID":"SV_4Mmb2WuyZ8wi7CC","Element":"SQ","PrimaryAttribute":"QID12","SecondaryAttribute":"Click to write the question text","TertiaryAttribute":null,"Payload":{"QuestionText":"Click to write the question text","DefaultChoices":false,"DataExportTag":"test","QuestionType":"TE","Selector":"SL","Configuration":{"QuestionDescriptionOption":"UseText"},"QuestionDescription":"Click to write the question text","Validation":{"Settings":{"ForceResponse":"OFF","Type":"None"}},"GradingData":[],"Language":[],"NextChoiceId":4,"NextAnswerId":1,"SearchSource":{"AllowFreeResponse":"false"},"QuestionID":"QID12"}},{"SurveyID":"SV_4Mmb2WuyZ8wi7CC","Element":"SQ","PrimaryAttribute":"QID13","SecondaryAttribute":"info on what to do in the meantime (return to other tab to contibue the survey?)","TertiaryAttribute":null,"Payload":{"QuestionText":"<h4>info on what to do in the meantime (return to other tab to contibue the survey?)<\/h4>","DefaultChoices":false,"DataExportTag":"Q13","QuestionType":"DB","Selector":"TB","Configuration":{"QuestionDescriptionOption":"UseText"},"QuestionDescription":"info on what to do in the meantime (return to other tab to contibue the survey?)","ChoiceOrder":[],"Validation":{"Settings":{"Type":"None"}},"GradingData":[],"Language":[],"NextChoiceId":4,"NextAnswerId":1,"QuestionID":"QID13","DataVisibility":{"Private":false,"Hidden":false}}},{"SurveyID":"SV_4Mmb2WuyZ8wi7CC","Element":"SQ","PrimaryAttribute":"QID14","SecondaryAttribute":"There was an issue with your test, please use the backup one.","TertiaryAttribute":null,"Payload":{"QuestionText":"<span style=\"font-family:Arial,Helvetica,sans-serif;\">There was an issue with your test, please use the backup one.<\/span>","DefaultChoices":false,"DataExportTag":"Q14","QuestionType":"DB","Selector":"TB","Configuration":{"QuestionDescriptionOption":"UseText"},"QuestionDescription":"There was an issue with your test, please use the backup one.","ChoiceOrder":[],"Validation":{"Settings":{"Type":"None"}},"GradingData":[],"Language":[],"NextChoiceId":4,"NextAnswerId":1,"QuestionID":"QID14","DataVisibility":{"Private":false,"Hidden":false},"QuestionJS":"Qualtrics.SurveyEngine.addOnload(function()\n{\n\/\/hides the next button on a page\n\tthis.hidePreviousButton();\n\n});\n\nQualtrics.SurveyEngine.addOnReady(function()\n{\n\t\/*Place your JavaScript here to run when the page is fully displayed*\/\n\n});\n\nQualtrics.SurveyEngine.addOnUnload(function()\n{\n\t\/*Place your JavaScript here to run when the page is unloaded*\/\n\n});"}},{"SurveyID":"SV_4Mmb2WuyZ8wi7CC","Element":"SQ","PrimaryAttribute":"QID15","SecondaryAttribute":"Thank you for completing this test.\u00a0 \u00a0 Unfortunately, you are not eligible to continue. Please en.","TertiaryAttribute":null,"Payload":{"QuestionText":"Thank you for completing this test.&nbsp;\n<div>&nbsp;<\/div>\n\n<div>Unfortunately, <b>you are not eligible to continue.<\/b> Please enter the code below into the main RedCap survey. When you submit the code you will receive $75 for the tasks you've completed up to this point.<\/div><div><br><\/div><div><b>Code:&nbsp;${e:\/\/Field\/inel_code} <\/b><\/div>\n\n<div>&nbsp;<\/div>\n\n<div>Click the \"next\" button below to submit your responses<\/div>","DefaultChoices":false,"DataExportTag":"Q15","QuestionType":"DB","Selector":"TB","Configuration":{"QuestionDescriptionOption":"UseText"},"QuestionDescription":"Thank you for completing this test.\u00a0 \u00a0 Unfortunately, you are not eligible to continue. Please en...","ChoiceOrder":[],"Validation":{"Settings":{"Type":"None"}},"GradingData":[],"Language":[],"NextChoiceId":4,"NextAnswerId":1,"QuestionID":"QID15","DataVisibility":{"Private":false,"Hidden":false},"QuestionJS":"Qualtrics.SurveyEngine.addOnload(function()\n{\n\/\/hides the next button on a page\n\tthis.hidePreviousButton();\n});\n\nQualtrics.SurveyEngine.addOnReady(function()\n{\n\t\/*Place your JavaScript here to run when the page is fully displayed*\/\n\n});\n\nQualtrics.SurveyEngine.addOnUnload(function()\n{\n\t\/*Place your JavaScript here to run when the page is unloaded*\/\n\n});"}},{"SurveyID":"SV_4Mmb2WuyZ8wi7CC","Element":"SQ","PrimaryAttribute":"QID16","SecondaryAttribute":"Great, you're eligible to continue!\u00a0 \u00a0 Please dispose of the testing device in the trash and empt.","TertiaryAttribute":null,"Payload":{"QuestionText":"<span style=\"font-family:Arial,Helvetica,sans-serif;\">Great, <b>you're eligible to continue!&nbsp;<\/b><\/span>\n<div>&nbsp;<\/div>\n\n<div><span style=\"font-family:Arial,Helvetica,sans-serif;\">Please dispose of the testing device in the trash and empty your urine in the toilet.&nbsp;<\/span>\n\n<div>\n<div>&nbsp;<\/div>\n\n<div><span style=\"font-family:Arial,Helvetica,sans-serif;\">Click the arrow button when you're ready to continue.<\/span><\/div>\n<\/div>\n<\/div>","DefaultChoices":false,"DataExportTag":"Q16","QuestionType":"DB","Selector":"TB","Configuration":{"QuestionDescriptionOption":"UseText"},"QuestionDescription":"Great, you're eligible to continue!\u00a0 \u00a0 Please dispose of the testing device in the trash and empt...","ChoiceOrder":[],"Validation":{"Settings":{"Type":"None"}},"GradingData":[],"Language":[],"NextChoiceId":4,"NextAnswerId":1,"QuestionID":"QID16","DataVisibility":{"Private":false,"Hidden":false},"QuestionJS":"Qualtrics.SurveyEngine.addOnload(function()\n{\n\/\/hides the next button on a page\n\tthis.hidePreviousButton();\n\n});\n\nQualtrics.SurveyEngine.addOnReady(function()\n{\n\t\/*Place your JavaScript here to run when the page is fully displayed*\/\n\n});\n\nQualtrics.SurveyEngine.addOnUnload(function()\n{\n\t\/*Place your JavaScript here to run when the page is unloaded*\/\n\n});"}},{"SurveyID":"SV_4Mmb2WuyZ8wi7CC","Element":"SQ","PrimaryAttribute":"QID17","SecondaryAttribute":"4.\u00a0Open the packaging of the urine test. Place the test device on a clean and flat surface. Hold...","TertiaryAttribute":null,"Payload":{"QuestionText":"<b>4.<\/b>&nbsp;Open the packaging of the urine test. Place the test device on a clean and flat surface. Hold the dropper vertically and transfer <b>3 full drops of urine<\/b> into the specimen well of the testing device, <b>which is the small circular slot labeled \u201cS\u201d on the test<\/b>. Try to <b>avoid<\/b> <b>trapping any air bubbles<\/b> in the specimen slot.<div><br><\/div><div>\n<br>\n&nbsp;<img style=\"width: 360px; height: 313px;\" src=\"https:\/\/upenn.co1.qualtrics.com\/CP\/Graphic.php?IM=IM_80a9lfa4iu8gQzs\">\n<div>&nbsp;<\/div><div><br><\/div>\n\n<div>Once you have completed these steps, click the \"next\" button when you're ready to continue<\/div><\/div>","DefaultChoices":false,"DataExportTag":"Q17","QuestionID":"QID17","QuestionType":"DB","Selector":"TB","Configuration":{"QuestionDescriptionOption":"UseText"},"QuestionDescription":"4.\u00a0Open the packaging of the urine test. Place the test device on a clean and flat surface. Hold...","ChoiceOrder":[],"Validation":{"Settings":{"Type":"None"}},"GradingData":[],"Language":[],"NextChoiceId":4,"NextAnswerId":1,"DataVisibility":{"Private":false,"Hidden":false}}},{"SurveyID":"SV_4Mmb2WuyZ8wi7CC","Element":"SQ","PrimaryAttribute":"QID18","SecondaryAttribute":"5. Once you add the drops, start a 5 minute timer on your phone, and wait for the colored lines t...","TertiaryAttribute":null,"Payload":{"QuestionText":"<b>5.<\/b> Once you add the drops, <b>start a 5 minute timer on your phone<\/b>, and wait for the colored lines to appear. Your <b>result should be read at 5 minutes<\/b>, and <b>should not be interpreted after 10 minutes<\/b>.&nbsp;<br><div><div><br><\/div><\/div>","DefaultChoices":false,"DataExportTag":"Q18","QuestionID":"QID18","QuestionType":"DB","Selector":"TB","Configuration":{"QuestionDescriptionOption":"UseText"},"QuestionDescription":"5. Once you add the drops, start a 5 minute timer on your phone, and wait for the colored lines t...","ChoiceOrder":[],"Validation":{"Settings":{"Type":"None"}},"GradingData":[],"Language":[],"NextChoiceId":4,"NextAnswerId":1,"DataVisibility":{"Private":false,"Hidden":false}}},{"SurveyID":"SV_4Mmb2WuyZ8wi7CC","Element":"SQ","PrimaryAttribute":"QID19","SecondaryAttribute":"6. Once the five minutes have passed, take a picture of your results. Please make sure that you t...","TertiaryAttribute":null,"Payload":{"QuestionText":"<b>6. Once the five minutes have passed, <\/b>take a picture of your results. Please make sure that you take your <b>picture in a well-lit environment and that it is clearly legible before submitting<\/b>.\n\nOnce you have completed these steps, click the arrow button when you're ready to continue","DefaultChoices":false,"DataExportTag":"Q19","QuestionID":"QID19","QuestionType":"DB","Selector":"TB","Configuration":{"QuestionDescriptionOption":"UseText"},"QuestionDescription":"6. Once the five minutes have passed, take a picture of your results. Please make sure that you t...","ChoiceOrder":[],"Validation":{"Settings":{"Type":"None"}},"GradingData":[],"Language":[],"NextChoiceId":4,"NextAnswerId":1,"DataVisibility":{"Private":false,"Hidden":false}}},{"SurveyID":"SV_4Mmb2WuyZ8wi7CC","Element":"SQ","PrimaryAttribute":"QID2","SecondaryAttribute":"Firstly, make sure to store and conduct this test in an environment that is room temperature (60-...","TertiaryAttribute":null,"Payload":{"QuestionText":"<div><span style=\"font-family:Arial,Helvetica,sans-serif;\">Firstly, make sure to <b>store and conduct this test in an environment that is room temperature (60-85<sup>o<\/sup>F)<\/b>. Before opening the at home test, <b>please wait a few minutes until it reaches room temperature<\/b>.<\/span><\/div>\n\n<div>&nbsp;<\/div>\n<span style=\"font-family:Arial,Helvetica,sans-serif;\">Please take the urine collection cup into the bathroom. You\u2019ll now need to pee in the cup and&nbsp;<b>fill it most of the way full with urine.<\/b>&nbsp;<\/span><span style=\"font-family: Arial, Helvetica, sans-serif;\">When you\u2019ve done that, place the cup on a flat surface.&nbsp;<\/span>\n\n<div>\n<div>\n<div>&nbsp;<\/div>\n<\/div>\n<\/div>\n\n<div><span style=\"font-family:Arial,Helvetica,sans-serif;\">Once you have completed these steps, click the \"next\" button when you're ready to continue.<\/span><\/div>","DefaultChoices":false,"DataExportTag":"Q2","QuestionType":"DB","Selector":"TB","Configuration":{"QuestionDescriptionOption":"UseText"},"QuestionDescription":"Firstly, make sure to store and conduct this test in an environment that is room temperature (60-...","ChoiceOrder":[],"Validation":{"Settings":{"Type":"None"}},"GradingData":[],"Language":[],"NextChoiceId":4,"NextAnswerId":1,"QuestionID":"QID2","DataVisibility":{"Private":false,"Hidden":false}}},{"SurveyID":"SV_4Mmb2WuyZ8wi7CC","Element":"SQ","PrimaryAttribute":"QID20","SecondaryAttribute":"Unfortunately, this page has encountered an error. Please contact the study team at geo@falklab.o...","TertiaryAttribute":null,"Payload":{"QuestionText":"Unfortunately, this page has encountered an error. <b>Please contact the study team at geo@falklab.org or through text message at 267-225-0399, and include the information below to help in troubleshooting:\n<br><\/b><br>ID: ${e:\/\/Field\/rID}\n<br>session: ${e:\/\/Field\/session}<br><br>Please click the arrow button below to close the survey. We apologize for the inconvenience.<br>","DefaultChoices":false,"DataExportTag":"Q20","QuestionType":"DB","Selector":"TB","Configuration":{"QuestionDescriptionOption":"UseText"},"QuestionDescription":"Unfortunately, this page has encountered an error. Please contact the study team at geo@falklab.o...","ChoiceOrder":[],"Validation":{"Settings":{"Type":"None"}},"GradingData":[],"Language":[],"NextChoiceId":4,"NextAnswerId":1,"QuestionID":"QID20"}},{"SurveyID":"SV_4Mmb2WuyZ8wi7CC","Element":"SQ","PrimaryAttribute":"QID21","SecondaryAttribute":"An important part of this study is measuring smoking behaviors. We are interested in how much you...","TertiaryAttribute":null,"Payload":{"QuestionText":"An important part of this study is measuring smoking behaviors. We are interested in how much you smoke.<br><br>In order to find that out, you will complete an at home urine test, which tests for a chemical called cotinine. If you smoke regularly, your cotinine level should be pretty high. In order for you to participate in this study, your levels of cotinine will have to reach a certain threshold.  If your cotinine level isn\u2019t high enough on this test, you won\u2019t be able to participate, but you will still be paid for all of the screening tasks that you have already completed.","DefaultChoices":false,"DataExportTag":"Q21","QuestionID":"QID21","QuestionType":"DB","Selector":"TB","Configuration":{"QuestionDescriptionOption":"UseText"},"QuestionDescription":"An important part of this study is measuring smoking behaviors. We are interested in how much you...","ChoiceOrder":[],"Validation":{"Settings":{"Type":"None"}},"GradingData":[],"Language":[],"NextChoiceId":4,"NextAnswerId":1,"DataVisibility":{"Private":false,"Hidden":false}}},{"SurveyID":"SV_4Mmb2WuyZ8wi7CC","Element":"SQ","PrimaryAttribute":"QID22","SecondaryAttribute":"Before you get started here are some tips: \u00a0 - The test device should remain in the sealed pouch...","TertiaryAttribute":null,"Payload":{"QuestionText":"Before you get started here are some tips:<br>\n&nbsp;\n<div style=\"margin-left: 40px;\">- The test device should <b>remain in the sealed pouch until you are ready. <\/b><br>\n- Your urine specimen should be handled carefully <b>with the gloves included. <\/b><br>\n- You will be asked to submit a picture of your results. It is very important that your <b>picture is taken in a well-lit environment and is clearly legible. <\/b><\/div>\n<br>\nThe next several pages will help you complete your at home test.<br>\n<br>\n<b>&nbsp;Click \"Next\" to get started! <\/b>","DefaultChoices":false,"DataExportTag":"Q22","QuestionID":"QID22","QuestionType":"DB","Selector":"TB","Configuration":{"QuestionDescriptionOption":"UseText"},"QuestionDescription":"Before you get started here are some tips: \u00a0 - The test device should remain in the sealed pouch...","ChoiceOrder":[],"Validation":{"Settings":{"Type":"None"}},"GradingData":[],"Language":[],"NextChoiceId":4,"NextAnswerId":1,"DataVisibility":{"Private":false,"Hidden":false}}},{"SurveyID":"SV_4Mmb2WuyZ8wi7CC","Element":"SQ","PrimaryAttribute":"QID23","SecondaryAttribute":"Welcome! Thank you for taking the time to help us with our research. Please note that our contact...","TertiaryAttribute":null,"Payload":{"QuestionText":"<p>Welcome! Thank you for taking the time to help us with our research.<\/p><p><br><\/p>\n\n<p>Please note that our contact information is at the bottom of this page and most of the other pages in this survey. Please text \u202a267-225-0399\u202c or email <a href=\"mailto:geo@falklab.org\">geo@falklab.org<\/a> if you need help or if you have any questions at any point.<br>\n<br>\n<strong>We value your time and energy. You should <u>not<\/u> have to complete the same surveys multiple times in a row to reach a certain step. <\/strong>If you are getting stuck or are feeling frustrated, please text or email us. We may not be able to get back to you immediately, but we will always do our best to respond as soon as possible within business hours (9am-5pm Monday-Friday, excluding University holidays).<\/p>","DefaultChoices":false,"DataExportTag":"Welcome_ask4help","QuestionType":"DB","Selector":"TB","Configuration":{"QuestionDescriptionOption":"UseText"},"QuestionDescription":"Welcome! Thank you for taking the time to help us with our research. Please note that our contact...","ChoiceOrder":[],"Validation":{"Settings":{"Type":"None"}},"GradingData":[],"Language":[],"NextChoiceId":4,"NextAnswerId":1,"QuestionID":"QID23","DataVisibility":{"Private":false,"Hidden":false}}},{"SurveyID":"SV_4Mmb2WuyZ8wi7CC","Element":"SQ","PrimaryAttribute":"QID3","SecondaryAttribute":"Now that you've collected your sample, you can conduct your at home test. Please remove the Urine...","TertiaryAttribute":null,"Payload":{"QuestionText":"<div><span style=\"font-family:Arial,Helvetica,sans-serif;\">Now that you've collected your sample, you can conduct your at home test. <b>Please remove the Urine Cup, 2 tests kits, Gloves, and Purell wipes from your mailing package.<\/b><\/span><\/div>\n\n<div style=\"margin-left: 40px;\"><br>\n<span style=\"font-family:Arial,Helvetica,sans-serif;\"><b>1.<\/b> Put on the gloves included in the package and open the cup to draw the urine sample for the cotinine test with the dropper.&nbsp;<\/span><\/div>\n\n<div style=\"margin-left: 40px;\"><span style=\"font-family:Arial,Helvetica,sans-serif;\"><b>2.<\/b> <b>Before<\/b>&nbsp;opening the at home test, <b>ensure the test is approximately at room temperature.<\/b>&nbsp;<\/span><\/div>\n\n<div>\n<div style=\"margin-left: 40px;\"><span style=\"font-family:Arial,Helvetica,sans-serif;\"><b>3.&nbsp;<\/b>Next, remove the test device from the sealed pouch and use it as soon as possible.&nbsp;<\/span><\/div>\n\n<div>\n<div>&nbsp;<\/div>\n\n<div><span style=\"font-family:Arial,Helvetica,sans-serif;\">Once you have completed these steps, click the \"next\" button when you're ready to continue<\/span><\/div>\n<\/div>\n<\/div>","DefaultChoices":false,"DataExportTag":"Q3","QuestionID":"QID3","QuestionType":"DB","Selector":"TB","Configuration":{"QuestionDescriptionOption":"UseText"},"QuestionDescription":"Now that you've collected your sample, you can conduct your at home test. Please remove the Urine...","ChoiceOrder":[],"Validation":{"Settings":{"Type":"None"}},"GradingData":[],"Language":[],"NextChoiceId":7,"NextAnswerId":1,"DataVisibility":{"Private":false,"Hidden":false}}},{"SurveyID":"SV_4Mmb2WuyZ8wi7CC","Element":"SQ","PrimaryAttribute":"QID4","SecondaryAttribute":"Timing","TertiaryAttribute":null,"Payload":{"QuestionText":"Timing","DefaultChoices":false,"DataExportTag":"Q4","QuestionType":"Timing","Selector":"D","Configuration":{"QuestionDescriptionOption":"UseText","MinSeconds":1,"MaxSeconds":"0","ShowTimer":true,"CountDirection":"Decrementing","Seconds":300},"QuestionDescription":"Timing","Choices":{"1":{"Display":"First Click"},"2":{"Display":"Last Click"},"3":{"Display":"Page Submit"},"4":{"Display":"Click Count"}},"GradingData":[],"Language":[],"NextChoiceId":124,"NextAnswerId":1,"QuestionID":"QID4","DataVisibility":{"Private":false,"Hidden":false}}},{"SurveyID":"SV_4Mmb2WuyZ8wi7CC","Element":"SQ","PrimaryAttribute":"QID5","SecondaryAttribute":"Info about how to know when it's done","TertiaryAttribute":null,"Payload":{"QuestionText":"<h4>Info about how to know when it's done<\/h4>","DefaultChoices":false,"DataExportTag":"Q5","QuestionType":"DB","Selector":"TB","Configuration":{"QuestionDescriptionOption":"UseText"},"QuestionDescription":"Info about how to know when it's done","ChoiceOrder":[],"Validation":{"Settings":{"Type":"None"}},"GradingData":[],"Language":[],"NextChoiceId":4,"NextAnswerId":1,"QuestionID":"QID5","DataVisibility":{"Private":false,"Hidden":false}}},{"SurveyID":"SV_4Mmb2WuyZ8wi7CC","Element":"SQ","PrimaryAttribute":"QID6","SecondaryAttribute":"Click to write the question text","TertiaryAttribute":null,"Payload":{"QuestionText":"Click to write the question text","DefaultChoices":false,"DataExportTag":"","QuestionType":"TE","Selector":"SL","Configuration":{"QuestionDescriptionOption":"UseText"},"QuestionDescription":"Click to write the question text","Validation":{"Settings":{"ForceResponse":"OFF","Type":"None"}},"GradingData":[],"Language":[],"NextChoiceId":4,"NextAnswerId":1,"SearchSource":{"AllowFreeResponse":"false"},"QuestionID":"QID6"}},{"SurveyID":"SV_4Mmb2WuyZ8wi7CC","Element":"SQ","PrimaryAttribute":"QID7","SecondaryAttribute":"info on reading the results","TertiaryAttribute":null,"Payload":{"QuestionText":"<h4>info on reading the results<\/h4>","DefaultChoices":false,"DataExportTag":"Q7","QuestionType":"DB","Selector":"TB","Configuration":{"QuestionDescriptionOption":"UseText"},"QuestionDescription":"info on reading the results","ChoiceOrder":[],"Validation":{"Settings":{"Type":"None"}},"GradingData":[],"Language":[],"NextChoiceId":4,"NextAnswerId":1,"QuestionID":"QID7"}},{"SurveyID":"SV_4Mmb2WuyZ8wi7CC","Element":"SQ","PrimaryAttribute":"QID8","SecondaryAttribute":"Please indicate which one of these best resembles your result.","TertiaryAttribute":null,"Payload":{"QuestionText":"<h4><span style=\"font-family:Arial,Helvetica,sans-serif;\">Please indicate which one of these best resembles your result.<\/span><\/h4>","DefaultChoices":false,"DataExportTag":"Q8","QuestionID":"QID8","QuestionType":"MC","Selector":"SAVR","SubSelector":"TX","Configuration":{"QuestionDescriptionOption":"UseText"},"QuestionDescription":"Please indicate which one of these best resembles your result.","Choices":{"1":{"Display":"2 Stripes (even if one stripe is light)","Image":{"Display":"AimStep_2stripe_or","ImageLocation":"IM_9nOfQOMihkzGpxA"}},"2":{"Display":"C stripe only (no T stripe)","Image":{"Display":"AimStep_Cstripe","ImageLocation":"IM_bvcvh7NQZrCx07Y"}},"3":{"Display":"T stripe only (no C stripe)","Image":{"Display":"AimStep_Tstripe","ImageLocation":"IM_1RnOaWUYt5Xxmaq"}},"8":{"Display":"No stripes","Image":{"Display":"AimStep_0stripes","ImageLocation":"IM_eXQdEGR6h9jgLLU"}}},"ChoiceOrder":[1,2,3,"8"],"Validation":{"Settings":{"ForceResponse":"ON","ForceResponseType":"ON","Type":"None"}},"GradingData":[],"Language":[],"NextChoiceId":9,"NextAnswerId":1,"RecodeValues":{"1":"0","2":"1","3":"-1","8":"-2"},"DataVisibility":{"Private":false,"Hidden":false},"ChoiceTextPosition":"Top","VariableNaming":{"1":"negative","2":"positive","3":"invalid","8":"invalid"},"QuestionJS":"Qualtrics.SurveyEngine.addOnload(function()\n{\n\t\/\/hides the next button on a page\n\tthis.hidePreviousButton();\n\n});"}},{"SurveyID":"SV_4Mmb2WuyZ8wi7CC","Element":"SQ","PrimaryAttribute":"QID9","SecondaryAttribute":"Click on the \"Drop files or click here to upload\" box below and upload the picture of your test.","TertiaryAttribute":null,"Payload":{"QuestionText":"<span style=\"font-family:Arial,Helvetica,sans-serif;\">Click on the<b> &quot;Drop files or click here to upload&quot;<\/b> box below and upload the picture of your test.<\/span>","DefaultChoices":false,"DataExportTag":"Q9","QuestionType":"FileUpload","Selector":"FileUpload","Configuration":{"QuestionDescriptionOption":"UseText"},"QuestionDescription":"Click on the \"Drop files or click here to upload\" box below and upload the picture of your test.","Validation":{"Settings":{"ForceResponse":"ON","Type":"None"}},"GradingData":[],"Language":[],"NextChoiceId":4,"NextAnswerId":1,"ScreenCaptureText":"Capture Screen","QuestionID":"QID9","DataVisibility":{"Private":false,"Hidden":false},"QuestionJS":"Qualtrics.SurveyEngine.addOnload(function()\n{\n\t\/\/hides the next button on a page\n\tthis.hidePreviousButton();\n\n});\n\nQualtrics.SurveyEngine.addOnReady(function()\n{\n\t\/*Place your JavaScript here to run when the page is fully displayed*\/\n\n});\n\nQualtrics.SurveyEngine.addOnUnload(function()\n{\n\t\/*Place your JavaScript here to run when the page is unloaded*\/\n\n});"}},{"SurveyID":"SV_4Mmb2WuyZ8wi7CC","Element":"STAT","PrimaryAttribute":"Survey Statistics","SecondaryAttribute":null,"TertiaryAttribute":null,"Payload":{"MobileCompatible":true,"ID":"Survey Statistics"}}]}